
Microsoft Visual Studio Solution File, Format Version 12.00
# Visual Studio 2013
VisualStudioVersion = 12.0.30501.0
MinimumVisualStudioVersion = 10.0.40219.1
Project("{FAE04EC0-301F-11D3-BF4B-00C04F79EFBC}") = "Aurum.Xpo", "Aurum.Xpo\Aurum.Xpo.csproj", "{84D72249-D18D-4115-AE3E-F0B2A2D7D6CE}"
EndProject
Project("{FAE04EC0-301F-11D3-BF4B-00C04F79EFBC}") = "Aurum.Tests", "Aurum.Tests\Aurum.Tests.csproj", "{77CEA45B-77E7-44AB-8795-F86A3CE558F6}"
EndProject
Project("{2150E333-8FDC-42A3-9474-1A3956D46DE8}") = "Solution Items", "Solution Items", "{738245D5-D9E3-4728-9DA9-7DE5FC421DCB}"
	ProjectSection(SolutionItems) = preProject
		Aurum.vsmdi = Aurum.vsmdi
		Local.testsettings = Local.testsettings
		TraceAndTestImpact.testsettings = TraceAndTestImpact.testsettings
	EndProjectSection
EndProject
Project("{FAE04EC0-301F-11D3-BF4B-00C04F79EFBC}") = "Aurum.Security", "Aurum.Security\Aurum.Security.csproj", "{279BD41D-0241-47C8-8C3C-2D77A029503F}"
EndProject
Project("{FAE04EC0-301F-11D3-BF4B-00C04F79EFBC}") = "Aurum.Interface.Win", "Aurum.Interface.Win\Aurum.Interface.Win.csproj", "{C7AF2E3D-B7FF-4EDF-B25C-4EE48D94087D}"
EndProject
Project("{FAE04EC0-301F-11D3-BF4B-00C04F79EFBC}") = "Aurum.Operations", "Aurum.Operations\Aurum.Operations.csproj", "{3309C790-27C0-4617-AA3C-853C9B511F6F}"
EndProject
Project("{FAE04EC0-301F-11D3-BF4B-00C04F79EFBC}") = "Aurum.Courier", "Aurum.Courier\Aurum.Courier.csproj", "{B9EF03FF-D05B-4FD4-A8E9-F90D819CB1DC}"
EndProject
Project("{FAE04EC0-301F-11D3-BF4B-00C04F79EFBC}") = "Aurum.Help", "Aurum.Help\Aurum.Help.csproj", "{5BBAEB19-1570-4B3A-A8CD-C4D238C51214}"
EndProject
Project("{FAE04EC0-301F-11D3-BF4B-00C04F79EFBC}") = "Aurum.Help.Win", "Aurum.Help.Win\Aurum.Help.Win.csproj", "{059045C7-32B5-455F-BF99-1F532A97AF98}"
EndProject
Project("{FAE04EC0-301F-11D3-BF4B-00C04F79EFBC}") = "Aurum.Interface", "Aurum.Interface\Aurum.Interface.csproj", "{EA84B3E6-E524-48D4-98A3-141007A79552}"
EndProject
Project("{FAE04EC0-301F-11D3-BF4B-00C04F79EFBC}") = "Aurum.Operations.Win", "Aurum.Operations.Win\Aurum.Operations.Win.csproj", "{3398C46E-5CCA-4AD3-88AE-06AB7B30E859}"
EndProject
Project("{FAE04EC0-301F-11D3-BF4B-00C04F79EFBC}") = "Aurum.App.Module", "Aurum.App.Module\Aurum.App.Module.csproj", "{5F15837D-D1E5-44DC-92F0-4F2EBE9C3F8D}"
EndProject
Project("{FAE04EC0-301F-11D3-BF4B-00C04F79EFBC}") = "Aurum.App.Win", "Aurum.App.Win\Aurum.App.Win.csproj", "{D05D93DF-312D-4D4E-B980-726871EC7833}"
EndProject
Project("{FAE04EC0-301F-11D3-BF4B-00C04F79EFBC}") = "Aurum.Menu", "Aurum.Menu\Aurum.Menu.csproj", "{E241AEA4-A765-4264-B174-628CA3FC994E}"
EndProject
Project("{FAE04EC0-301F-11D3-BF4B-00C04F79EFBC}") = "Aurum.Menu.Win", "Aurum.Menu.Win\Aurum.Menu.Win.csproj", "{1E5263FD-494A-4A87-88E4-6A7573F9C0F8}"
EndProject
Project("{FAE04EC0-301F-11D3-BF4B-00C04F79EFBC}") = "Aurum.Reports", "Aurum.Reports\Aurum.Reports.csproj", "{8BFC1418-476D-4BD1-A1D2-0E3D44C57B5B}"
EndProject
Project("{FAE04EC0-301F-11D3-BF4B-00C04F79EFBC}") = "Aurum.Reports.Security", "Aurum.Reports.Security\Aurum.Reports.Security.csproj", "{C92D7B05-E747-4A8D-A621-F08B47BEE354}"
EndProject
Project("{FAE04EC0-301F-11D3-BF4B-00C04F79EFBC}") = "Aurum.Reports.Win", "Aurum.Reports.Win\Aurum.Reports.Win.csproj", "{8068FD2C-5D5F-4D01-A8B6-F384646BE842}"
EndProject
Project("{FAE04EC0-301F-11D3-BF4B-00C04F79EFBC}") = "Aurum.Exchange", "Aurum.Exchange\Aurum.Exchange.csproj", "{DBEDF59D-092C-4381-A09C-67AF478C48DD}"
EndProject
Project("{FAE04EC0-301F-11D3-BF4B-00C04F79EFBC}") = "Aurum.Exchange.Win", "Aurum.Exchange.Win\Aurum.Exchange.Win.csproj", "{C432F3C0-B331-4031-B936-6CE32822587A}"
EndProject
Global
	GlobalSection(SubversionScc) = preSolution
		Svn-Managed = True
		Manager = AnkhSVN - Subversion Support for Visual Studio
	EndGlobalSection
	GlobalSection(SolutionConfigurationPlatforms) = preSolution
		Debug|Any CPU = Debug|Any CPU
		Debug|Mixed Platforms = Debug|Mixed Platforms
		Debug|x86 = Debug|x86
		EasyTest|Any CPU = EasyTest|Any CPU
		EasyTest|Mixed Platforms = EasyTest|Mixed Platforms
		EasyTest|x86 = EasyTest|x86
		Release|Any CPU = Release|Any CPU
		Release|Mixed Platforms = Release|Mixed Platforms
		Release|x86 = Release|x86
	EndGlobalSection
	GlobalSection(ProjectConfigurationPlatforms) = postSolution
		{84D72249-D18D-4115-AE3E-F0B2A2D7D6CE}.Debug|Any CPU.ActiveCfg = Debug|Any CPU
		{84D72249-D18D-4115-AE3E-F0B2A2D7D6CE}.Debug|Any CPU.Build.0 = Debug|Any CPU
		{84D72249-D18D-4115-AE3E-F0B2A2D7D6CE}.Debug|Mixed Platforms.ActiveCfg = Debug|Any CPU
		{84D72249-D18D-4115-AE3E-F0B2A2D7D6CE}.Debug|Mixed Platforms.Build.0 = Debug|Any CPU
		{84D72249-D18D-4115-AE3E-F0B2A2D7D6CE}.Debug|x86.ActiveCfg = Debug|Any CPU
		{84D72249-D18D-4115-AE3E-F0B2A2D7D6CE}.EasyTest|Any CPU.ActiveCfg = Release|Any CPU
		{84D72249-D18D-4115-AE3E-F0B2A2D7D6CE}.EasyTest|Any CPU.Build.0 = Release|Any CPU
		{84D72249-D18D-4115-AE3E-F0B2A2D7D6CE}.EasyTest|Mixed Platforms.ActiveCfg = Release|Any CPU
		{84D72249-D18D-4115-AE3E-F0B2A2D7D6CE}.EasyTest|Mixed Platforms.Build.0 = Release|Any CPU
		{84D72249-D18D-4115-AE3E-F0B2A2D7D6CE}.EasyTest|x86.ActiveCfg = Release|Any CPU
		{84D72249-D18D-4115-AE3E-F0B2A2D7D6CE}.Release|Any CPU.ActiveCfg = Release|Any CPU
		{84D72249-D18D-4115-AE3E-F0B2A2D7D6CE}.Release|Any CPU.Build.0 = Release|Any CPU
		{84D72249-D18D-4115-AE3E-F0B2A2D7D6CE}.Release|Mixed Platforms.ActiveCfg = Release|Any CPU
		{84D72249-D18D-4115-AE3E-F0B2A2D7D6CE}.Release|Mixed Platforms.Build.0 = Release|Any CPU
		{84D72249-D18D-4115-AE3E-F0B2A2D7D6CE}.Release|x86.ActiveCfg = Release|Any CPU
		{77CEA45B-77E7-44AB-8795-F86A3CE558F6}.Debug|Any CPU.ActiveCfg = Debug|Any CPU
		{77CEA45B-77E7-44AB-8795-F86A3CE558F6}.Debug|Any CPU.Build.0 = Debug|Any CPU
		{77CEA45B-77E7-44AB-8795-F86A3CE558F6}.Debug|Mixed Platforms.ActiveCfg = Debug|Any CPU
		{77CEA45B-77E7-44AB-8795-F86A3CE558F6}.Debug|Mixed Platforms.Build.0 = Debug|Any CPU
		{77CEA45B-77E7-44AB-8795-F86A3CE558F6}.Debug|x86.ActiveCfg = Debug|Any CPU
		{77CEA45B-77E7-44AB-8795-F86A3CE558F6}.EasyTest|Any CPU.ActiveCfg = Release|Any CPU
		{77CEA45B-77E7-44AB-8795-F86A3CE558F6}.EasyTest|Any CPU.Build.0 = Release|Any CPU
		{77CEA45B-77E7-44AB-8795-F86A3CE558F6}.EasyTest|Mixed Platforms.ActiveCfg = Release|Any CPU
		{77CEA45B-77E7-44AB-8795-F86A3CE558F6}.EasyTest|Mixed Platforms.Build.0 = Release|Any CPU
		{77CEA45B-77E7-44AB-8795-F86A3CE558F6}.EasyTest|x86.ActiveCfg = Release|Any CPU
		{77CEA45B-77E7-44AB-8795-F86A3CE558F6}.Release|Any CPU.ActiveCfg = Release|Any CPU
		{77CEA45B-77E7-44AB-8795-F86A3CE558F6}.Release|Any CPU.Build.0 = Release|Any CPU
		{77CEA45B-77E7-44AB-8795-F86A3CE558F6}.Release|Mixed Platforms.ActiveCfg = Release|Any CPU
		{77CEA45B-77E7-44AB-8795-F86A3CE558F6}.Release|Mixed Platforms.Build.0 = Release|Any CPU
		{77CEA45B-77E7-44AB-8795-F86A3CE558F6}.Release|x86.ActiveCfg = Release|Any CPU
		{279BD41D-0241-47C8-8C3C-2D77A029503F}.Debug|Any CPU.ActiveCfg = Debug|Any CPU
		{279BD41D-0241-47C8-8C3C-2D77A029503F}.Debug|Any CPU.Build.0 = Debug|Any CPU
		{279BD41D-0241-47C8-8C3C-2D77A029503F}.Debug|Mixed Platforms.ActiveCfg = Debug|Any CPU
		{279BD41D-0241-47C8-8C3C-2D77A029503F}.Debug|Mixed Platforms.Build.0 = Debug|Any CPU
		{279BD41D-0241-47C8-8C3C-2D77A029503F}.Debug|x86.ActiveCfg = Debug|Any CPU
		{279BD41D-0241-47C8-8C3C-2D77A029503F}.EasyTest|Any CPU.ActiveCfg = Release|Any CPU
		{279BD41D-0241-47C8-8C3C-2D77A029503F}.EasyTest|Any CPU.Build.0 = Release|Any CPU
		{279BD41D-0241-47C8-8C3C-2D77A029503F}.EasyTest|Mixed Platforms.ActiveCfg = Release|Any CPU
		{279BD41D-0241-47C8-8C3C-2D77A029503F}.EasyTest|Mixed Platforms.Build.0 = Release|Any CPU
		{279BD41D-0241-47C8-8C3C-2D77A029503F}.EasyTest|x86.ActiveCfg = Release|Any CPU
		{279BD41D-0241-47C8-8C3C-2D77A029503F}.Release|Any CPU.ActiveCfg = Release|Any CPU
		{279BD41D-0241-47C8-8C3C-2D77A029503F}.Release|Any CPU.Build.0 = Release|Any CPU
		{279BD41D-0241-47C8-8C3C-2D77A029503F}.Release|Mixed Platforms.ActiveCfg = Release|Any CPU
		{279BD41D-0241-47C8-8C3C-2D77A029503F}.Release|Mixed Platforms.Build.0 = Release|Any CPU
		{279BD41D-0241-47C8-8C3C-2D77A029503F}.Release|x86.ActiveCfg = Release|Any CPU
		{C7AF2E3D-B7FF-4EDF-B25C-4EE48D94087D}.Debug|Any CPU.ActiveCfg = Debug|Any CPU
		{C7AF2E3D-B7FF-4EDF-B25C-4EE48D94087D}.Debug|Any CPU.Build.0 = Debug|Any CPU
		{C7AF2E3D-B7FF-4EDF-B25C-4EE48D94087D}.Debug|Mixed Platforms.ActiveCfg = Debug|Any CPU
		{C7AF2E3D-B7FF-4EDF-B25C-4EE48D94087D}.Debug|Mixed Platforms.Build.0 = Debug|Any CPU
		{C7AF2E3D-B7FF-4EDF-B25C-4EE48D94087D}.Debug|x86.ActiveCfg = Debug|Any CPU
		{C7AF2E3D-B7FF-4EDF-B25C-4EE48D94087D}.EasyTest|Any CPU.ActiveCfg = Release|Any CPU
		{C7AF2E3D-B7FF-4EDF-B25C-4EE48D94087D}.EasyTest|Any CPU.Build.0 = Release|Any CPU
		{C7AF2E3D-B7FF-4EDF-B25C-4EE48D94087D}.EasyTest|Mixed Platforms.ActiveCfg = Release|Any CPU
		{C7AF2E3D-B7FF-4EDF-B25C-4EE48D94087D}.EasyTest|Mixed Platforms.Build.0 = Release|Any CPU
		{C7AF2E3D-B7FF-4EDF-B25C-4EE48D94087D}.EasyTest|x86.ActiveCfg = Release|Any CPU
		{C7AF2E3D-B7FF-4EDF-B25C-4EE48D94087D}.Release|Any CPU.ActiveCfg = Release|Any CPU
		{C7AF2E3D-B7FF-4EDF-B25C-4EE48D94087D}.Release|Any CPU.Build.0 = Release|Any CPU
		{C7AF2E3D-B7FF-4EDF-B25C-4EE48D94087D}.Release|Mixed Platforms.ActiveCfg = Release|Any CPU
		{C7AF2E3D-B7FF-4EDF-B25C-4EE48D94087D}.Release|Mixed Platforms.Build.0 = Release|Any CPU
		{C7AF2E3D-B7FF-4EDF-B25C-4EE48D94087D}.Release|x86.ActiveCfg = Release|Any CPU
		{3309C790-27C0-4617-AA3C-853C9B511F6F}.Debug|Any CPU.ActiveCfg = Debug|Any CPU
		{3309C790-27C0-4617-AA3C-853C9B511F6F}.Debug|Any CPU.Build.0 = Debug|Any CPU
		{3309C790-27C0-4617-AA3C-853C9B511F6F}.Debug|Mixed Platforms.ActiveCfg = Debug|Any CPU
		{3309C790-27C0-4617-AA3C-853C9B511F6F}.Debug|Mixed Platforms.Build.0 = Debug|Any CPU
		{3309C790-27C0-4617-AA3C-853C9B511F6F}.Debug|x86.ActiveCfg = Debug|Any CPU
		{3309C790-27C0-4617-AA3C-853C9B511F6F}.EasyTest|Any CPU.ActiveCfg = Release|Any CPU
		{3309C790-27C0-4617-AA3C-853C9B511F6F}.EasyTest|Any CPU.Build.0 = Release|Any CPU
		{3309C790-27C0-4617-AA3C-853C9B511F6F}.EasyTest|Mixed Platforms.ActiveCfg = Release|Any CPU
		{3309C790-27C0-4617-AA3C-853C9B511F6F}.EasyTest|Mixed Platforms.Build.0 = Release|Any CPU
		{3309C790-27C0-4617-AA3C-853C9B511F6F}.EasyTest|x86.ActiveCfg = Release|Any CPU
		{3309C790-27C0-4617-AA3C-853C9B511F6F}.Release|Any CPU.ActiveCfg = Release|Any CPU
		{3309C790-27C0-4617-AA3C-853C9B511F6F}.Release|Any CPU.Build.0 = Release|Any CPU
		{3309C790-27C0-4617-AA3C-853C9B511F6F}.Release|Mixed Platforms.ActiveCfg = Release|Any CPU
		{3309C790-27C0-4617-AA3C-853C9B511F6F}.Release|Mixed Platforms.Build.0 = Release|Any CPU
		{3309C790-27C0-4617-AA3C-853C9B511F6F}.Release|x86.ActiveCfg = Release|Any CPU
		{B9EF03FF-D05B-4FD4-A8E9-F90D819CB1DC}.Debug|Any CPU.ActiveCfg = Debug|Any CPU
		{B9EF03FF-D05B-4FD4-A8E9-F90D819CB1DC}.Debug|Any CPU.Build.0 = Debug|Any CPU
		{B9EF03FF-D05B-4FD4-A8E9-F90D819CB1DC}.Debug|Mixed Platforms.ActiveCfg = Debug|Any CPU
		{B9EF03FF-D05B-4FD4-A8E9-F90D819CB1DC}.Debug|Mixed Platforms.Build.0 = Debug|Any CPU
		{B9EF03FF-D05B-4FD4-A8E9-F90D819CB1DC}.Debug|x86.ActiveCfg = Debug|Any CPU
		{B9EF03FF-D05B-4FD4-A8E9-F90D819CB1DC}.EasyTest|Any CPU.ActiveCfg = Release|Any CPU
		{B9EF03FF-D05B-4FD4-A8E9-F90D819CB1DC}.EasyTest|Any CPU.Build.0 = Release|Any CPU
		{B9EF03FF-D05B-4FD4-A8E9-F90D819CB1DC}.EasyTest|Mixed Platforms.ActiveCfg = Release|Any CPU
		{B9EF03FF-D05B-4FD4-A8E9-F90D819CB1DC}.EasyTest|Mixed Platforms.Build.0 = Release|Any CPU
		{B9EF03FF-D05B-4FD4-A8E9-F90D819CB1DC}.EasyTest|x86.ActiveCfg = Release|Any CPU
		{B9EF03FF-D05B-4FD4-A8E9-F90D819CB1DC}.Release|Any CPU.ActiveCfg = Release|Any CPU
		{B9EF03FF-D05B-4FD4-A8E9-F90D819CB1DC}.Release|Any CPU.Build.0 = Release|Any CPU
		{B9EF03FF-D05B-4FD4-A8E9-F90D819CB1DC}.Release|Mixed Platforms.ActiveCfg = Release|Any CPU
		{B9EF03FF-D05B-4FD4-A8E9-F90D819CB1DC}.Release|Mixed Platforms.Build.0 = Release|Any CPU
		{B9EF03FF-D05B-4FD4-A8E9-F90D819CB1DC}.Release|x86.ActiveCfg = Release|Any CPU
		{5BBAEB19-1570-4B3A-A8CD-C4D238C51214}.Debug|Any CPU.ActiveCfg = Debug|Any CPU
		{5BBAEB19-1570-4B3A-A8CD-C4D238C51214}.Debug|Any CPU.Build.0 = Debug|Any CPU
		{5BBAEB19-1570-4B3A-A8CD-C4D238C51214}.Debug|Mixed Platforms.ActiveCfg = Debug|Any CPU
		{5BBAEB19-1570-4B3A-A8CD-C4D238C51214}.Debug|Mixed Platforms.Build.0 = Debug|Any CPU
		{5BBAEB19-1570-4B3A-A8CD-C4D238C51214}.Debug|x86.ActiveCfg = Debug|Any CPU
		{5BBAEB19-1570-4B3A-A8CD-C4D238C51214}.EasyTest|Any CPU.ActiveCfg = Release|Any CPU
		{5BBAEB19-1570-4B3A-A8CD-C4D238C51214}.EasyTest|Any CPU.Build.0 = Release|Any CPU
		{5BBAEB19-1570-4B3A-A8CD-C4D238C51214}.EasyTest|Mixed Platforms.ActiveCfg = Release|Any CPU
		{5BBAEB19-1570-4B3A-A8CD-C4D238C51214}.EasyTest|Mixed Platforms.Build.0 = Release|Any CPU
		{5BBAEB19-1570-4B3A-A8CD-C4D238C51214}.EasyTest|x86.ActiveCfg = Release|Any CPU
		{5BBAEB19-1570-4B3A-A8CD-C4D238C51214}.Release|Any CPU.ActiveCfg = Release|Any CPU
		{5BBAEB19-1570-4B3A-A8CD-C4D238C51214}.Release|Any CPU.Build.0 = Release|Any CPU
		{5BBAEB19-1570-4B3A-A8CD-C4D238C51214}.Release|Mixed Platforms.ActiveCfg = Release|Any CPU
		{5BBAEB19-1570-4B3A-A8CD-C4D238C51214}.Release|Mixed Platforms.Build.0 = Release|Any CPU
		{5BBAEB19-1570-4B3A-A8CD-C4D238C51214}.Release|x86.ActiveCfg = Release|Any CPU
		{059045C7-32B5-455F-BF99-1F532A97AF98}.Debug|Any CPU.ActiveCfg = Debug|Any CPU
		{059045C7-32B5-455F-BF99-1F532A97AF98}.Debug|Any CPU.Build.0 = Debug|Any CPU
		{059045C7-32B5-455F-BF99-1F532A97AF98}.Debug|Mixed Platforms.ActiveCfg = Debug|Any CPU
		{059045C7-32B5-455F-BF99-1F532A97AF98}.Debug|Mixed Platforms.Build.0 = Debug|Any CPU
		{059045C7-32B5-455F-BF99-1F532A97AF98}.Debug|x86.ActiveCfg = Debug|Any CPU
		{059045C7-32B5-455F-BF99-1F532A97AF98}.EasyTest|Any CPU.ActiveCfg = Release|Any CPU
		{059045C7-32B5-455F-BF99-1F532A97AF98}.EasyTest|Any CPU.Build.0 = Release|Any CPU
		{059045C7-32B5-455F-BF99-1F532A97AF98}.EasyTest|Mixed Platforms.ActiveCfg = Release|Any CPU
		{059045C7-32B5-455F-BF99-1F532A97AF98}.EasyTest|Mixed Platforms.Build.0 = Release|Any CPU
		{059045C7-32B5-455F-BF99-1F532A97AF98}.EasyTest|x86.ActiveCfg = Release|Any CPU
		{059045C7-32B5-455F-BF99-1F532A97AF98}.Release|Any CPU.ActiveCfg = Release|Any CPU
		{059045C7-32B5-455F-BF99-1F532A97AF98}.Release|Any CPU.Build.0 = Release|Any CPU
		{059045C7-32B5-455F-BF99-1F532A97AF98}.Release|Mixed Platforms.ActiveCfg = Release|Any CPU
		{059045C7-32B5-455F-BF99-1F532A97AF98}.Release|Mixed Platforms.Build.0 = Release|Any CPU
		{059045C7-32B5-455F-BF99-1F532A97AF98}.Release|x86.ActiveCfg = Release|Any CPU
		{EA84B3E6-E524-48D4-98A3-141007A79552}.Debug|Any CPU.ActiveCfg = Debug|Any CPU
		{EA84B3E6-E524-48D4-98A3-141007A79552}.Debug|Any CPU.Build.0 = Debug|Any CPU
		{EA84B3E6-E524-48D4-98A3-141007A79552}.Debug|Mixed Platforms.ActiveCfg = Debug|Any CPU
		{EA84B3E6-E524-48D4-98A3-141007A79552}.Debug|Mixed Platforms.Build.0 = Debug|Any CPU
		{EA84B3E6-E524-48D4-98A3-141007A79552}.Debug|x86.ActiveCfg = Debug|Any CPU
		{EA84B3E6-E524-48D4-98A3-141007A79552}.EasyTest|Any CPU.ActiveCfg = Release|Any CPU
		{EA84B3E6-E524-48D4-98A3-141007A79552}.EasyTest|Any CPU.Build.0 = Release|Any CPU
		{EA84B3E6-E524-48D4-98A3-141007A79552}.EasyTest|Mixed Platforms.ActiveCfg = Release|Any CPU
		{EA84B3E6-E524-48D4-98A3-141007A79552}.EasyTest|Mixed Platforms.Build.0 = Release|Any CPU
		{EA84B3E6-E524-48D4-98A3-141007A79552}.EasyTest|x86.ActiveCfg = Release|Any CPU
		{EA84B3E6-E524-48D4-98A3-141007A79552}.Release|Any CPU.ActiveCfg = Release|Any CPU
		{EA84B3E6-E524-48D4-98A3-141007A79552}.Release|Any CPU.Build.0 = Release|Any CPU
		{EA84B3E6-E524-48D4-98A3-141007A79552}.Release|Mixed Platforms.ActiveCfg = Release|Any CPU
		{EA84B3E6-E524-48D4-98A3-141007A79552}.Release|Mixed Platforms.Build.0 = Release|Any CPU
		{EA84B3E6-E524-48D4-98A3-141007A79552}.Release|x86.ActiveCfg = Release|Any CPU
		{3398C46E-5CCA-4AD3-88AE-06AB7B30E859}.Debug|Any CPU.ActiveCfg = Debug|Any CPU
		{3398C46E-5CCA-4AD3-88AE-06AB7B30E859}.Debug|Any CPU.Build.0 = Debug|Any CPU
		{3398C46E-5CCA-4AD3-88AE-06AB7B30E859}.Debug|Mixed Platforms.ActiveCfg = Debug|Any CPU
		{3398C46E-5CCA-4AD3-88AE-06AB7B30E859}.Debug|Mixed Platforms.Build.0 = Debug|Any CPU
		{3398C46E-5CCA-4AD3-88AE-06AB7B30E859}.Debug|x86.ActiveCfg = Debug|Any CPU
		{3398C46E-5CCA-4AD3-88AE-06AB7B30E859}.EasyTest|Any CPU.ActiveCfg = Release|Any CPU
		{3398C46E-5CCA-4AD3-88AE-06AB7B30E859}.EasyTest|Any CPU.Build.0 = Release|Any CPU
		{3398C46E-5CCA-4AD3-88AE-06AB7B30E859}.EasyTest|Mixed Platforms.ActiveCfg = Release|Any CPU
		{3398C46E-5CCA-4AD3-88AE-06AB7B30E859}.EasyTest|Mixed Platforms.Build.0 = Release|Any CPU
		{3398C46E-5CCA-4AD3-88AE-06AB7B30E859}.EasyTest|x86.ActiveCfg = Release|Any CPU
		{3398C46E-5CCA-4AD3-88AE-06AB7B30E859}.Release|Any CPU.ActiveCfg = Release|Any CPU
		{3398C46E-5CCA-4AD3-88AE-06AB7B30E859}.Release|Any CPU.Build.0 = Release|Any CPU
		{3398C46E-5CCA-4AD3-88AE-06AB7B30E859}.Release|Mixed Platforms.ActiveCfg = Release|Any CPU
		{3398C46E-5CCA-4AD3-88AE-06AB7B30E859}.Release|Mixed Platforms.Build.0 = Release|Any CPU
		{3398C46E-5CCA-4AD3-88AE-06AB7B30E859}.Release|x86.ActiveCfg = Release|Any CPU
		{5F15837D-D1E5-44DC-92F0-4F2EBE9C3F8D}.Debug|Any CPU.ActiveCfg = Debug|Any CPU
		{5F15837D-D1E5-44DC-92F0-4F2EBE9C3F8D}.Debug|Any CPU.Build.0 = Debug|Any CPU
		{5F15837D-D1E5-44DC-92F0-4F2EBE9C3F8D}.Debug|Mixed Platforms.ActiveCfg = Debug|Any CPU
		{5F15837D-D1E5-44DC-92F0-4F2EBE9C3F8D}.Debug|Mixed Platforms.Build.0 = Debug|Any CPU
		{5F15837D-D1E5-44DC-92F0-4F2EBE9C3F8D}.Debug|x86.ActiveCfg = Debug|Any CPU
		{5F15837D-D1E5-44DC-92F0-4F2EBE9C3F8D}.EasyTest|Any CPU.ActiveCfg = EasyTest|Any CPU
		{5F15837D-D1E5-44DC-92F0-4F2EBE9C3F8D}.EasyTest|Any CPU.Build.0 = EasyTest|Any CPU
		{5F15837D-D1E5-44DC-92F0-4F2EBE9C3F8D}.EasyTest|Mixed Platforms.ActiveCfg = EasyTest|Any CPU
		{5F15837D-D1E5-44DC-92F0-4F2EBE9C3F8D}.EasyTest|Mixed Platforms.Build.0 = EasyTest|Any CPU
		{5F15837D-D1E5-44DC-92F0-4F2EBE9C3F8D}.EasyTest|x86.ActiveCfg = EasyTest|Any CPU
		{5F15837D-D1E5-44DC-92F0-4F2EBE9C3F8D}.Release|Any CPU.ActiveCfg = Release|Any CPU
		{5F15837D-D1E5-44DC-92F0-4F2EBE9C3F8D}.Release|Any CPU.Build.0 = Release|Any CPU
		{5F15837D-D1E5-44DC-92F0-4F2EBE9C3F8D}.Release|Mixed Platforms.ActiveCfg = Release|Any CPU
		{5F15837D-D1E5-44DC-92F0-4F2EBE9C3F8D}.Release|Mixed Platforms.Build.0 = Release|Any CPU
		{5F15837D-D1E5-44DC-92F0-4F2EBE9C3F8D}.Release|x86.ActiveCfg = Release|Any CPU
		{D05D93DF-312D-4D4E-B980-726871EC7833}.Debug|Any CPU.ActiveCfg = Debug|Any CPU
		{D05D93DF-312D-4D4E-B980-726871EC7833}.Debug|Any CPU.Build.0 = Debug|Any CPU
		{D05D93DF-312D-4D4E-B980-726871EC7833}.Debug|Mixed Platforms.ActiveCfg = Debug|Any CPU
		{D05D93DF-312D-4D4E-B980-726871EC7833}.Debug|Mixed Platforms.Build.0 = Debug|Any CPU
		{D05D93DF-312D-4D4E-B980-726871EC7833}.Debug|x86.ActiveCfg = Debug|Any CPU
		{D05D93DF-312D-4D4E-B980-726871EC7833}.EasyTest|Any CPU.ActiveCfg = EasyTest|Any CPU
		{D05D93DF-312D-4D4E-B980-726871EC7833}.EasyTest|Any CPU.Build.0 = EasyTest|Any CPU
		{D05D93DF-312D-4D4E-B980-726871EC7833}.EasyTest|Mixed Platforms.ActiveCfg = EasyTest|Any CPU
		{D05D93DF-312D-4D4E-B980-726871EC7833}.EasyTest|Mixed Platforms.Build.0 = EasyTest|Any CPU
		{D05D93DF-312D-4D4E-B980-726871EC7833}.EasyTest|x86.ActiveCfg = EasyTest|Any CPU
		{D05D93DF-312D-4D4E-B980-726871EC7833}.Release|Any CPU.ActiveCfg = Release|Any CPU
		{D05D93DF-312D-4D4E-B980-726871EC7833}.Release|Any CPU.Build.0 = Release|Any CPU
		{D05D93DF-312D-4D4E-B980-726871EC7833}.Release|Mixed Platforms.ActiveCfg = Release|Any CPU
		{D05D93DF-312D-4D4E-B980-726871EC7833}.Release|Mixed Platforms.Build.0 = Release|Any CPU
		{D05D93DF-312D-4D4E-B980-726871EC7833}.Release|x86.ActiveCfg = Release|Any CPU
		{E241AEA4-A765-4264-B174-628CA3FC994E}.Debug|Any CPU.ActiveCfg = Debug|Any CPU
		{E241AEA4-A765-4264-B174-628CA3FC994E}.Debug|Any CPU.Build.0 = Debug|Any CPU
		{E241AEA4-A765-4264-B174-628CA3FC994E}.Debug|Mixed Platforms.ActiveCfg = Debug|Any CPU
		{E241AEA4-A765-4264-B174-628CA3FC994E}.Debug|Mixed Platforms.Build.0 = Debug|Any CPU
		{E241AEA4-A765-4264-B174-628CA3FC994E}.Debug|x86.ActiveCfg = Debug|Any CPU
		{E241AEA4-A765-4264-B174-628CA3FC994E}.EasyTest|Any CPU.ActiveCfg = Release|Any CPU
		{E241AEA4-A765-4264-B174-628CA3FC994E}.EasyTest|Any CPU.Build.0 = Release|Any CPU
		{E241AEA4-A765-4264-B174-628CA3FC994E}.EasyTest|Mixed Platforms.ActiveCfg = Release|Any CPU
		{E241AEA4-A765-4264-B174-628CA3FC994E}.EasyTest|Mixed Platforms.Build.0 = Release|Any CPU
		{E241AEA4-A765-4264-B174-628CA3FC994E}.EasyTest|x86.ActiveCfg = Release|Any CPU
		{E241AEA4-A765-4264-B174-628CA3FC994E}.Release|Any CPU.ActiveCfg = Release|Any CPU
		{E241AEA4-A765-4264-B174-628CA3FC994E}.Release|Any CPU.Build.0 = Release|Any CPU
		{E241AEA4-A765-4264-B174-628CA3FC994E}.Release|Mixed Platforms.ActiveCfg = Release|Any CPU
		{E241AEA4-A765-4264-B174-628CA3FC994E}.Release|Mixed Platforms.Build.0 = Release|Any CPU
		{E241AEA4-A765-4264-B174-628CA3FC994E}.Release|x86.ActiveCfg = Release|Any CPU
		{1E5263FD-494A-4A87-88E4-6A7573F9C0F8}.Debug|Any CPU.ActiveCfg = Debug|Any CPU
		{1E5263FD-494A-4A87-88E4-6A7573F9C0F8}.Debug|Any CPU.Build.0 = Debug|Any CPU
		{1E5263FD-494A-4A87-88E4-6A7573F9C0F8}.Debug|Mixed Platforms.ActiveCfg = Debug|Any CPU
		{1E5263FD-494A-4A87-88E4-6A7573F9C0F8}.Debug|Mixed Platforms.Build.0 = Debug|Any CPU
		{1E5263FD-494A-4A87-88E4-6A7573F9C0F8}.Debug|x86.ActiveCfg = Debug|Any CPU
		{1E5263FD-494A-4A87-88E4-6A7573F9C0F8}.EasyTest|Any CPU.ActiveCfg = Release|Any CPU
		{1E5263FD-494A-4A87-88E4-6A7573F9C0F8}.EasyTest|Any CPU.Build.0 = Release|Any CPU
		{1E5263FD-494A-4A87-88E4-6A7573F9C0F8}.EasyTest|Mixed Platforms.ActiveCfg = Release|Any CPU
		{1E5263FD-494A-4A87-88E4-6A7573F9C0F8}.EasyTest|Mixed Platforms.Build.0 = Release|Any CPU
		{1E5263FD-494A-4A87-88E4-6A7573F9C0F8}.EasyTest|x86.ActiveCfg = Release|Any CPU
		{1E5263FD-494A-4A87-88E4-6A7573F9C0F8}.Release|Any CPU.ActiveCfg = Release|Any CPU
		{1E5263FD-494A-4A87-88E4-6A7573F9C0F8}.Release|Any CPU.Build.0 = Release|Any CPU
		{1E5263FD-494A-4A87-88E4-6A7573F9C0F8}.Release|Mixed Platforms.ActiveCfg = Release|Any CPU
		{1E5263FD-494A-4A87-88E4-6A7573F9C0F8}.Release|Mixed Platforms.Build.0 = Release|Any CPU
		{1E5263FD-494A-4A87-88E4-6A7573F9C0F8}.Release|x86.ActiveCfg = Release|Any CPU
		{8BFC1418-476D-4BD1-A1D2-0E3D44C57B5B}.Debug|Any CPU.ActiveCfg = Debug|Any CPU
		{8BFC1418-476D-4BD1-A1D2-0E3D44C57B5B}.Debug|Any CPU.Build.0 = Debug|Any CPU
		{8BFC1418-476D-4BD1-A1D2-0E3D44C57B5B}.Debug|Mixed Platforms.ActiveCfg = Debug|Any CPU
		{8BFC1418-476D-4BD1-A1D2-0E3D44C57B5B}.Debug|Mixed Platforms.Build.0 = Debug|Any CPU
		{8BFC1418-476D-4BD1-A1D2-0E3D44C57B5B}.Debug|x86.ActiveCfg = Debug|Any CPU
		{8BFC1418-476D-4BD1-A1D2-0E3D44C57B5B}.EasyTest|Any CPU.ActiveCfg = Release|Any CPU
		{8BFC1418-476D-4BD1-A1D2-0E3D44C57B5B}.EasyTest|Any CPU.Build.0 = Release|Any CPU
		{8BFC1418-476D-4BD1-A1D2-0E3D44C57B5B}.EasyTest|Mixed Platforms.ActiveCfg = Release|Any CPU
		{8BFC1418-476D-4BD1-A1D2-0E3D44C57B5B}.EasyTest|Mixed Platforms.Build.0 = Release|Any CPU
		{8BFC1418-476D-4BD1-A1D2-0E3D44C57B5B}.EasyTest|x86.ActiveCfg = Release|Any CPU
		{8BFC1418-476D-4BD1-A1D2-0E3D44C57B5B}.Release|Any CPU.ActiveCfg = Release|Any CPU
		{8BFC1418-476D-4BD1-A1D2-0E3D44C57B5B}.Release|Any CPU.Build.0 = Release|Any CPU
		{8BFC1418-476D-4BD1-A1D2-0E3D44C57B5B}.Release|Mixed Platforms.ActiveCfg = Release|Any CPU
		{8BFC1418-476D-4BD1-A1D2-0E3D44C57B5B}.Release|Mixed Platforms.Build.0 = Release|Any CPU
		{8BFC1418-476D-4BD1-A1D2-0E3D44C57B5B}.Release|x86.ActiveCfg = Release|Any CPU
		{C92D7B05-E747-4A8D-A621-F08B47BEE354}.Debug|Any CPU.ActiveCfg = Debug|Any CPU
		{C92D7B05-E747-4A8D-A621-F08B47BEE354}.Debug|Any CPU.Build.0 = Debug|Any CPU
		{C92D7B05-E747-4A8D-A621-F08B47BEE354}.Debug|Mixed Platforms.ActiveCfg = Debug|Any CPU
		{C92D7B05-E747-4A8D-A621-F08B47BEE354}.Debug|Mixed Platforms.Build.0 = Debug|Any CPU
		{C92D7B05-E747-4A8D-A621-F08B47BEE354}.Debug|x86.ActiveCfg = Debug|Any CPU
		{C92D7B05-E747-4A8D-A621-F08B47BEE354}.EasyTest|Any CPU.ActiveCfg = Release|Any CPU
		{C92D7B05-E747-4A8D-A621-F08B47BEE354}.EasyTest|Any CPU.Build.0 = Release|Any CPU
		{C92D7B05-E747-4A8D-A621-F08B47BEE354}.EasyTest|Mixed Platforms.ActiveCfg = Release|Any CPU
		{C92D7B05-E747-4A8D-A621-F08B47BEE354}.EasyTest|Mixed Platforms.Build.0 = Release|Any CPU
		{C92D7B05-E747-4A8D-A621-F08B47BEE354}.EasyTest|x86.ActiveCfg = Release|Any CPU
		{C92D7B05-E747-4A8D-A621-F08B47BEE354}.Release|Any CPU.ActiveCfg = Release|Any CPU
		{C92D7B05-E747-4A8D-A621-F08B47BEE354}.Release|Any CPU.Build.0 = Release|Any CPU
		{C92D7B05-E747-4A8D-A621-F08B47BEE354}.Release|Mixed Platforms.ActiveCfg = Release|Any CPU
		{C92D7B05-E747-4A8D-A621-F08B47BEE354}.Release|Mixed Platforms.Build.0 = Release|Any CPU
		{C92D7B05-E747-4A8D-A621-F08B47BEE354}.Release|x86.ActiveCfg = Release|Any CPU
		{8068FD2C-5D5F-4D01-A8B6-F384646BE842}.Debug|Any CPU.ActiveCfg = Debug|Any CPU
		{8068FD2C-5D5F-4D01-A8B6-F384646BE842}.Debug|Any CPU.Build.0 = Debug|Any CPU
		{8068FD2C-5D5F-4D01-A8B6-F384646BE842}.Debug|Mixed Platforms.ActiveCfg = Debug|Any CPU
		{8068FD2C-5D5F-4D01-A8B6-F384646BE842}.Debug|Mixed Platforms.Build.0 = Debug|Any CPU
		{8068FD2C-5D5F-4D01-A8B6-F384646BE842}.Debug|x86.ActiveCfg = Debug|Any CPU
		{8068FD2C-5D5F-4D01-A8B6-F384646BE842}.EasyTest|Any CPU.ActiveCfg = Release|Any CPU
		{8068FD2C-5D5F-4D01-A8B6-F384646BE842}.EasyTest|Any CPU.Build.0 = Release|Any CPU
		{8068FD2C-5D5F-4D01-A8B6-F384646BE842}.EasyTest|Mixed Platforms.ActiveCfg = Release|Any CPU
		{8068FD2C-5D5F-4D01-A8B6-F384646BE842}.EasyTest|Mixed Platforms.Build.0 = Release|Any CPU
		{8068FD2C-5D5F-4D01-A8B6-F384646BE842}.EasyTest|x86.ActiveCfg = Release|Any CPU
		{8068FD2C-5D5F-4D01-A8B6-F384646BE842}.Release|Any CPU.ActiveCfg = Release|Any CPU
		{8068FD2C-5D5F-4D01-A8B6-F384646BE842}.Release|Any CPU.Build.0 = Release|Any CPU
		{8068FD2C-5D5F-4D01-A8B6-F384646BE842}.Release|Mixed Platforms.ActiveCfg = Release|Any CPU
		{8068FD2C-5D5F-4D01-A8B6-F384646BE842}.Release|Mixed Platforms.Build.0 = Release|Any CPU
		{8068FD2C-5D5F-4D01-A8B6-F384646BE842}.Release|x86.ActiveCfg = Release|Any CPU
		{DBEDF59D-092C-4381-A09C-67AF478C48DD}.Debug|Any CPU.ActiveCfg = Debug|Any CPU
		{DBEDF59D-092C-4381-A09C-67AF478C48DD}.Debug|Any CPU.Build.0 = Debug|Any CPU
		{DBEDF59D-092C-4381-A09C-67AF478C48DD}.Debug|Mixed Platforms.ActiveCfg = Debug|Any CPU
		{DBEDF59D-092C-4381-A09C-67AF478C48DD}.Debug|Mixed Platforms.Build.0 = Debug|Any CPU
		{DBEDF59D-092C-4381-A09C-67AF478C48DD}.Debug|x86.ActiveCfg = Debug|Any CPU
		{DBEDF59D-092C-4381-A09C-67AF478C48DD}.EasyTest|Any CPU.ActiveCfg = Release|Any CPU
		{DBEDF59D-092C-4381-A09C-67AF478C48DD}.EasyTest|Any CPU.Build.0 = Release|Any CPU
		{DBEDF59D-092C-4381-A09C-67AF478C48DD}.EasyTest|Mixed Platforms.ActiveCfg = Release|Any CPU
		{DBEDF59D-092C-4381-A09C-67AF478C48DD}.EasyTest|Mixed Platforms.Build.0 = Release|Any CPU
		{DBEDF59D-092C-4381-A09C-67AF478C48DD}.EasyTest|x86.ActiveCfg = Release|Any CPU
		{DBEDF59D-092C-4381-A09C-67AF478C48DD}.Release|Any CPU.ActiveCfg = Release|Any CPU
		{DBEDF59D-092C-4381-A09C-67AF478C48DD}.Release|Any CPU.Build.0 = Release|Any CPU
		{DBEDF59D-092C-4381-A09C-67AF478C48DD}.Release|Mixed Platforms.ActiveCfg = Release|Any CPU
		{DBEDF59D-092C-4381-A09C-67AF478C48DD}.Release|Mixed Platforms.Build.0 = Release|Any CPU
		{DBEDF59D-092C-4381-A09C-67AF478C48DD}.Release|x86.ActiveCfg = Release|Any CPU
		{C432F3C0-B331-4031-B936-6CE32822587A}.Debug|Any CPU.ActiveCfg = Debug|Any CPU
		{C432F3C0-B331-4031-B936-6CE32822587A}.Debug|Any CPU.Build.0 = Debug|Any CPU
		{C432F3C0-B331-4031-B936-6CE32822587A}.Debug|Mixed Platforms.ActiveCfg = Debug|Any CPU
		{C432F3C0-B331-4031-B936-6CE32822587A}.Debug|Mixed Platforms.Build.0 = Debug|Any CPU
		{C432F3C0-B331-4031-B936-6CE32822587A}.Debug|x86.ActiveCfg = Debug|Any CPU
		{C432F3C0-B331-4031-B936-6CE32822587A}.EasyTest|Any CPU.ActiveCfg = Release|Any CPU
		{C432F3C0-B331-4031-B936-6CE32822587A}.EasyTest|Any CPU.Build.0 = Release|Any CPU
		{C432F3C0-B331-4031-B936-6CE32822587A}.EasyTest|Mixed Platforms.ActiveCfg = Release|Any CPU
		{C432F3C0-B331-4031-B936-6CE32822587A}.EasyTest|Mixed Platforms.Build.0 = Release|Any CPU
		{C432F3C0-B331-4031-B936-6CE32822587A}.EasyTest|x86.ActiveCfg = Release|Any CPU
		{C432F3C0-B331-4031-B936-6CE32822587A}.Release|Any CPU.ActiveCfg = Release|Any CPU
		{C432F3C0-B331-4031-B936-6CE32822587A}.Release|Any CPU.Build.0 = Release|Any CPU
		{C432F3C0-B331-4031-B936-6CE32822587A}.Release|Mixed Platforms.ActiveCfg = Release|Any CPU
		{C432F3C0-B331-4031-B936-6CE32822587A}.Release|Mixed Platforms.Build.0 = Release|Any CPU
		{C432F3C0-B331-4031-B936-6CE32822587A}.Release|x86.ActiveCfg = Release|Any CPU
	EndGlobalSection
	GlobalSection(SolutionProperties) = preSolution
		HideSolutionNode = FALSE
	EndGlobalSection
	GlobalSection(TestCaseManagementSettings) = postSolution
		CategoryFile = Aurum.vsmdi
	EndGlobalSection
EndGlobal
